// !$*UTF8*$!
{
	archiveVersion = 1;
	classes = {
	};
	objectVersion = 46;
	objects = {

/* Begin PBXBuildFile section */
		CF9173AD1BDD79C000B32EB3 /* AppDelegate.swift in Sources */ = {isa = PBXBuildFile; fileRef = CF9173AC1BDD79C000B32EB3 /* AppDelegate.swift */; };
		CF9173B21BDD79C000B32EB3 /* Main.storyboard in Resources */ = {isa = PBXBuildFile; fileRef = CF9173B01BDD79C000B32EB3 /* Main.storyboard */; };
		CF9173B41BDD79C000B32EB3 /* Assets.xcassets in Resources */ = {isa = PBXBuildFile; fileRef = CF9173B31BDD79C000B32EB3 /* Assets.xcassets */; };
		CF9173B71BDD79C000B32EB3 /* LaunchScreen.storyboard in Resources */ = {isa = PBXBuildFile; fileRef = CF9173B51BDD79C000B32EB3 /* LaunchScreen.storyboard */; };
		CF9173C21BDD79C000B32EB3 /* MailboxTests.swift in Sources */ = {isa = PBXBuildFile; fileRef = CF9173C11BDD79C000B32EB3 /* MailboxTests.swift */; };
		CF9173CD1BDD79C000B32EB3 /* MailboxUITests.swift in Sources */ = {isa = PBXBuildFile; fileRef = CF9173CC1BDD79C000B32EB3 /* MailboxUITests.swift */; };
		CF9173DB1BDD803400B32EB3 /* MailboxViewController.swift in Sources */ = {isa = PBXBuildFile; fileRef = CF9173DA1BDD803400B32EB3 /* MailboxViewController.swift */; settings = {ASSET_TAGS = (); }; };
/* End PBXBuildFile section */

/* Begin PBXContainerItemProxy section */
		CF9173BE1BDD79C000B32EB3 /* PBXContainerItemProxy */ = {
			isa = PBXContainerItemProxy;
			containerPortal = CF9173A11BDD79C000B32EB3 /* Project object */;
			proxyType = 1;
			remoteGlobalIDString = CF9173A81BDD79C000B32EB3;
			remoteInfo = Mailbox;
		};
		CF9173C91BDD79C000B32EB3 /* PBXContainerItemProxy */ = {
			isa = PBXContainerItemProxy;
			containerPortal = CF9173A11BDD79C000B32EB3 /* Project object */;
			proxyType = 1;
			remoteGlobalIDString = CF9173A81BDD79C000B32EB3;
			remoteInfo = Mailbox;
		};
/* End PBXContainerItemProxy section */

/* Begin PBXFileReference section */
		CF9173A91BDD79C000B32EB3 /* Mailbox.app */ = {isa = PBXFileReference; explicitFileType = wrapper.application; includeInIndex = 0; path = Mailbox.app; sourceTree = BUILT_PRODUCTS_DIR; };
		CF9173AC1BDD79C000B32EB3 /* AppDelegate.swift */ = {isa = PBXFileReference; lastKnownFileType = sourcecode.swift; path = AppDelegate.swift; sourceTree = "<group>"; };
		CF9173B11BDD79C000B32EB3 /* Base */ = {isa = PBXFileReference; lastKnownFileType = file.storyboard; name = Base; path = Base.lproj/Main.storyboard; sourceTree = "<group>"; };
		CF9173B31BDD79C000B32EB3 /* Assets.xcassets */ = {isa = PBXFileReference; lastKnownFileType = folder.assetcatalog; path = Assets.xcassets; sourceTree = "<group>"; };
		CF9173B61BDD79C000B32EB3 /* Base */ = {isa = PBXFileReference; lastKnownFileType = file.storyboard; name = Base; path = Base.lproj/LaunchScreen.storyboard; sourceTree = "<group>"; };
		CF9173B81BDD79C000B32EB3 /* Info.plist */ = {isa = PBXFileReference; lastKnownFileType = text.plist.xml; path = Info.plist; sourceTree = "<group>"; };
		CF9173BD1BDD79C000B32EB3 /* MailboxTests.xctest */ = {isa = PBXFileReference; explicitFileType = wrapper.cfbundle; includeInIndex = 0; path = MailboxTests.xctest; sourceTree = BUILT_PRODUCTS_DIR; };
		CF9173C11BDD79C000B32EB3 /* MailboxTests.swift */ = {isa = PBXFileReference; lastKnownFileType = sourcecode.swift; path = MailboxTests.swift; sourceTree = "<group>"; };
		CF9173C31BDD79C000B32EB3 /* Info.plist */ = {isa = PBXFileReference; lastKnownFileType = text.plist.xml; path = Info.plist; sourceTree = "<group>"; };
		CF9173C81BDD79C000B32EB3 /* MailboxUITests.xctest */ = {isa = PBXFileReference; explicitFileType = wrapper.cfbundle; includeInIndex = 0; path = MailboxUITests.xctest; sourceTree = BUILT_PRODUCTS_DIR; };
		CF9173CC1BDD79C000B32EB3 /* MailboxUITests.swift */ = {isa = PBXFileReference; lastKnownFileType = sourcecode.swift; path = MailboxUITests.swift; sourceTree = "<group>"; };
		CF9173CE1BDD79C000B32EB3 /* Info.plist */ = {isa = PBXFileReference; lastKnownFileType = text.plist.xml; path = Info.plist; sourceTree = "<group>"; };
		CF9173DA1BDD803400B32EB3 /* MailboxViewController.swift */ = {isa = PBXFileReference; fileEncoding = 4; lastKnownFileType = sourcecode.swift; path = MailboxViewController.swift; sourceTree = "<group>"; };
/* End PBXFileReference section */

/* Begin PBXFrameworksBuildPhase section */
		CF9173A61BDD79C000B32EB3 /* Frameworks */ = {
			isa = PBXFrameworksBuildPhase;
			buildActionMask = 2147483647;
			files = (
			);
			runOnlyForDeploymentPostprocessing = 0;
		};
		CF9173BA1BDD79C000B32EB3 /* Frameworks */ = {
			isa = PBXFrameworksBuildPhase;
			buildActionMask = 2147483647;
			files = (
			);
			runOnlyForDeploymentPostprocessing = 0;
		};
		CF9173C51BDD79C000B32EB3 /* Frameworks */ = {
			isa = PBXFrameworksBuildPhase;
			buildActionMask = 2147483647;
			files = (
			);
			runOnlyForDeploymentPostprocessing = 0;
		};
/* End PBXFrameworksBuildPhase section */

/* Begin PBXGroup section */
		CF9173A01BDD79C000B32EB3 = {
			isa = PBXGroup;
			children = (
				CF9173AB1BDD79C000B32EB3 /* Mailbox */,
				CF9173C01BDD79C000B32EB3 /* MailboxTests */,
				CF9173CB1BDD79C000B32EB3 /* MailboxUITests */,
				CF9173AA1BDD79C000B32EB3 /* Products */,
			);
			sourceTree = "<group>";
		};
		CF9173AA1BDD79C000B32EB3 /* Products */ = {
			isa = PBXGroup;
			children = (
				CF9173A91BDD79C000B32EB3 /* Mailbox.app */,
				CF9173BD1BDD79C000B32EB3 /* MailboxTests.xctest */,
				CF9173C81BDD79C000B32EB3 /* MailboxUITests.xctest */,
			);
			name = Products;
			sourceTree = "<group>";
		};
		CF9173AB1BDD79C000B32EB3 /* Mailbox */ = {
			isa = PBXGroup;
			children = (
				CF9173AC1BDD79C000B32EB3 /* AppDelegate.swift */,
				CF9173B01BDD79C000B32EB3 /* Main.storyboard */,
				CF9173DA1BDD803400B32EB3 /* MailboxViewController.swift */,
				CF9173B31BDD79C000B32EB3 /* Assets.xcassets */,
				CF9173B51BDD79C000B32EB3 /* LaunchScreen.storyboard */,
				CF9173B81BDD79C000B32EB3 /* Info.plist */,
			);
			path = Mailbox;
			sourceTree = "<group>";
		};
		CF9173C01BDD79C000B32EB3 /* MailboxTests */ = {
			isa = PBXGroup;
			children = (
				CF9173C11BDD79C000B32EB3 /* MailboxTests.swift */,
				CF9173C31BDD79C000B32EB3 /* Info.plist */,
			);
			path = MailboxTests;
			sourceTree = "<group>";
		};
		CF9173CB1BDD79C000B32EB3 /* MailboxUITests */ = {
			isa = PBXGroup;
			children = (
				CF9173CC1BDD79C000B32EB3 /* MailboxUITests.swift */,
				CF9173CE1BDD79C000B32EB3 /* Info.plist */,
			);
			path = MailboxUITests;
			sourceTree = "<group>";
		};
/* End PBXGroup section */

/* Begin PBXNativeTarget section */
		CF9173A81BDD79C000B32EB3 /* Mailbox */ = {
			isa = PBXNativeTarget;
			buildConfigurationList = CF9173D11BDD79C000B32EB3 /* Build configuration list for PBXNativeTarget "Mailbox" */;
			buildPhases = (
				CF9173A51BDD79C000B32EB3 /* Sources */,
				CF9173A61BDD79C000B32EB3 /* Frameworks */,
				CF9173A71BDD79C000B32EB3 /* Resources */,
			);
			buildRules = (
			);
			dependencies = (
			);
			name = Mailbox;
			productName = Mailbox;
			productReference = CF9173A91BDD79C000B32EB3 /* Mailbox.app */;
			productType = "com.apple.product-type.application";
		};
		CF9173BC1BDD79C000B32EB3 /* MailboxTests */ = {
			isa = PBXNativeTarget;
			buildConfigurationList = CF9173D41BDD79C000B32EB3 /* Build configuration list for PBXNativeTarget "MailboxTests" */;
			buildPhases = (
				CF9173B91BDD79C000B32EB3 /* Sources */,
				CF9173BA1BDD79C000B32EB3 /* Frameworks */,
				CF9173BB1BDD79C000B32EB3 /* Resources */,
			);
			buildRules = (
			);
			dependencies = (
				CF9173BF1BDD79C000B32EB3 /* PBXTargetDependency */,
			);
			name = MailboxTests;
			productName = MailboxTests;
			productReference = CF9173BD1BDD79C000B32EB3 /* MailboxTests.xctest */;
			productType = "com.apple.product-type.bundle.unit-test";
		};
		CF9173C71BDD79C000B32EB3 /* MailboxUITests */ = {
			isa = PBXNativeTarget;
			buildConfigurationList = CF9173D71BDD79C000B32EB3 /* Build configuration list for PBXNativeTarget "MailboxUITests" */;
			buildPhases = (
				CF9173C41BDD79C000B32EB3 /* Sources */,
				CF9173C51BDD79C000B32EB3 /* Frameworks */,
				CF9173C61BDD79C000B32EB3 /* Resources */,
			);
			buildRules = (
			);
			dependencies = (
				CF9173CA1BDD79C000B32EB3 /* PBXTargetDependency */,
			);
			name = MailboxUITests;
			productName = MailboxUITests;
			productReference = CF9173C81BDD79C000B32EB3 /* MailboxUITests.xctest */;
			productType = "com.apple.product-type.bundle.ui-testing";
		};
/* End PBXNativeTarget section */

/* Begin PBXProject section */
		CF9173A11BDD79C000B32EB3 /* Project object */ = {
			isa = PBXProject;
			attributes = {
				LastUpgradeCheck = 0700;
				ORGANIZATIONNAME = walmart;
				TargetAttributes = {
					CF9173A81BDD79C000B32EB3 = {
						CreatedOnToolsVersion = 7.0;
						DevelopmentTeam = CVG8XHQE5E;
					};
					CF9173BC1BDD79C000B32EB3 = {
						CreatedOnToolsVersion = 7.0;
						DevelopmentTeam = CVG8XHQE5E;
						TestTargetID = CF9173A81BDD79C000B32EB3;
					};
					CF9173C71BDD79C000B32EB3 = {
						CreatedOnToolsVersion = 7.0;
						DevelopmentTeam = CVG8XHQE5E;
						TestTargetID = CF9173A81BDD79C000B32EB3;
					};
				};
			};
			buildConfigurationList = CF9173A41BDD79C000B32EB3 /* Build configuration list for PBXProject "Mailbox" */;
			compatibilityVersion = "Xcode 3.2";
			developmentRegion = English;
			hasScannedForEncodings = 0;
			knownRegions = (
				en,
				Base,
			);
			mainGroup = CF9173A01BDD79C000B32EB3;
			productRefGroup = CF9173AA1BDD79C000B32EB3 /* Products */;
			projectDirPath = "";
			projectRoot = "";
			targets = (
				CF9173A81BDD79C000B32EB3 /* Mailbox */,
				CF9173BC1BDD79C000B32EB3 /* MailboxTests */,
				CF9173C71BDD79C000B32EB3 /* MailboxUITests */,
			);
		};
/* End PBXProject section */

/* Begin PBXResourcesBuildPhase section */
		CF9173A71BDD79C000B32EB3 /* Resources */ = {
			isa = PBXResourcesBuildPhase;
			buildActionMask = 2147483647;
			files = (
				CF9173B71BDD79C000B32EB3 /* LaunchScreen.storyboard in Resources */,
				CF9173B41BDD79C000B32EB3 /* Assets.xcassets in Resources */,
				CF9173B21BDD79C000B32EB3 /* Main.storyboard in Resources */,
			);
			runOnlyForDeploymentPostprocessing = 0;
		};
		CF9173BB1BDD79C000B32EB3 /* Resources */ = {
			isa = PBXResourcesBuildPhase;
			buildActionMask = 2147483647;
			files = (
			);
			runOnlyForDeploymentPostprocessing = 0;
		};
		CF9173C61BDD79C000B32EB3 /* Resources */ = {
			isa = PBXResourcesBuildPhase;
			buildActionMask = 2147483647;
			files = (
			);
			runOnlyForDeploymentPostprocessing = 0;
		};
/* End PBXResourcesBuildPhase section */

/* Begin PBXSourcesBuildPhase section */
		CF9173A51BDD79C000B32EB3 /* Sources */ = {
			isa = PBXSourcesBuildPhase;
			buildActionMask = 2147483647;
			files = (
				CF9173AD1BDD79C000B32EB3 /* AppDelegate.swift in Sources */,
				CF9173DB1BDD803400B32EB3 /* MailboxViewController.swift in Sources */,
			);
			runOnlyForDeploymentPostprocessing = 0;
		};
		CF9173B91BDD79C000B32EB3 /* Sources */ = {
			isa = PBXSourcesBuildPhase;
			buildActionMask = 2147483647;
			files = (
				CF9173C21BDD79C000B32EB3 /* MailboxTests.swift in Sources */,
			);
			runOnlyForDeploymentPostprocessing = 0;
		};
		CF9173C41BDD79C000B32EB3 /* Sources */ = {
			isa = PBXSourcesBuildPhase;
			buildActionMask = 2147483647;
			files = (
				CF9173CD1BDD79C000B32EB3 /* MailboxUITests.swift in Sources */,
			);
			runOnlyForDeploymentPostprocessing = 0;
		};
/* End PBXSourcesBuildPhase section */

/* Begin PBXTargetDependency section */
		CF9173BF1BDD79C000B32EB3 /* PBXTargetDependency */ = {
			isa = PBXTargetDependency;
			target = CF9173A81BDD79C000B32EB3 /* Mailbox */;
			targetProxy = CF9173BE1BDD79C000B32EB3 /* PBXContainerItemProxy */;
		};
		CF9173CA1BDD79C000B32EB3 /* PBXTargetDependency */ = {
			isa = PBXTargetDependency;
			target = CF9173A81BDD79C000B32EB3 /* Mailbox */;
			targetProxy = CF9173C91BDD79C000B32EB3 /* PBXContainerItemProxy */;
		};
/* End PBXTargetDependency section */

/* Begin PBXVariantGroup section */
		CF9173B01BDD79C000B32EB3 /* Main.storyboard */ = {
			isa = PBXVariantGroup;
			children = (
				CF9173B11BDD79C000B32EB3 /* Base */,
			);
			name = Main.storyboard;
			sourceTree = "<group>";
		};
		CF9173B51BDD79C000B32EB3 /* LaunchScreen.storyboard */ = {
			isa = PBXVariantGroup;
			children = (
				CF9173B61BDD79C000B32EB3 /* Base */,
			);
			name = LaunchScreen.storyboard;
			sourceTree = "<group>";
		};
/* End PBXVariantGroup section */

/* Begin XCBuildConfiguration section */
		CF9173CF1BDD79C000B32EB3 /* Debug */ = {
			isa = XCBuildConfiguration;
			buildSettings = {
				ALWAYS_SEARCH_USER_PATHS = NO;
				CLANG_CXX_LANGUAGE_STANDARD = "gnu++0x";
				CLANG_CXX_LIBRARY = "libc++";
				CLANG_ENABLE_MODULES = YES;
				CLANG_ENABLE_OBJC_ARC = YES;
				CLANG_WARN_BOOL_CONVERSION = YES;
				CLANG_WARN_CONSTANT_CONVERSION = YES;
				CLANG_WARN_DIRECT_OBJC_ISA_USAGE = YES_ERROR;
				CLANG_WARN_EMPTY_BODY = YES;
				CLANG_WARN_ENUM_CONVERSION = YES;
				CLANG_WARN_INT_CONVERSION = YES;
				CLANG_WARN_OBJC_ROOT_CLASS = YES_ERROR;
				CLANG_WARN_UNREACHABLE_CODE = YES;
				CLANG_WARN__DUPLICATE_METHOD_MATCH = YES;
				"CODE_SIGN_IDENTITY[sdk=iphoneos*]" = "iPhone Developer";
				COPY_PHASE_STRIP = NO;
				DEBUG_INFORMATION_FORMAT = dwarf;
				ENABLE_STRICT_OBJC_MSGSEND = YES;
				ENABLE_TESTABILITY = YES;
				GCC_C_LANGUAGE_STANDARD = gnu99;
				GCC_DYNAMIC_NO_PIC = NO;
				GCC_NO_COMMON_BLOCKS = YES;
				GCC_OPTIMIZATION_LEVEL = 0;
				GCC_PREPROCESSOR_DEFINITIONS = (
					"DEBUG=1",
					"$(inherited)",
				);
				GCC_WARN_64_TO_32_BIT_CONVERSION = YES;
				GCC_WARN_ABOUT_RETURN_TYPE = YES_ERROR;
				GCC_WARN_UNDECLARED_SELECTOR = YES;
				GCC_WARN_UNINITIALIZED_AUTOS = YES_AGGRESSIVE;
				GCC_WARN_UNUSED_FUNCTION = YES;
				GCC_WARN_UNUSED_VARIABLE = YES;
				IPHONEOS_DEPLOYMENT_TARGET = 9.0;
				MTL_ENABLE_DEBUG_INFO = YES;
				ONLY_ACTIVE_ARCH = YES;
				SDKROOT = iphoneos;
				SWIFT_OPTIMIZATION_LEVEL = "-Onone";
			};
			name = Debug;
		};
		CF9173D01BDD79C000B32EB3 /* Release */ = {
			isa = XCBuildConfiguration;
			buildSettings = {
				ALWAYS_SEARCH_USER_PATHS = NO;
				CLANG_CXX_LANGUAGE_STANDARD = "gnu++0x";
				CLANG_CXX_LIBRARY = "libc++";
				CLANG_ENABLE_MODULES = YES;
				CLANG_ENABLE_OBJC_ARC = YES;
				CLANG_WARN_BOOL_CONVERSION = YES;
				CLANG_WARN_CONSTANT_CONVERSION = YES;
				CLANG_WARN_DIRECT_OBJC_ISA_USAGE = YES_ERROR;
				CLANG_WARN_EMPTY_BODY = YES;
				CLANG_WARN_ENUM_CONVERSION = YES;
				CLANG_WARN_INT_CONVERSION = YES;
				CLANG_WARN_OBJC_ROOT_CLASS = YES_ERROR;
				CLANG_WARN_UNREACHABLE_CODE = YES;
				CLANG_WARN__DUPLICATE_METHOD_MATCH = YES;
				"CODE_SIGN_IDENTITY[sdk=iphoneos*]" = "iPhone Developer";
				COPY_PHASE_STRIP = NO;
				DEBUG_INFORMATION_FORMAT = "dwarf-with-dsym";
				ENABLE_NS_ASSERTIONS = NO;
				ENABLE_STRICT_OBJC_MSGSEND = YES;
				GCC_C_LANGUAGE_STANDARD = gnu99;
				GCC_NO_COMMON_BLOCKS = YES;
				GCC_WARN_64_TO_32_BIT_CONVERSION = YES;
				GCC_WARN_ABOUT_RETURN_TYPE = YES_ERROR;
				GCC_WARN_UNDECLARED_SELECTOR = YES;
				GCC_WARN_UNINITIALIZED_AUTOS = YES_AGGRESSIVE;
				GCC_WARN_UNUSED_FUNCTION = YES;
				GCC_WARN_UNUSED_VARIABLE = YES;
				IPHONEOS_DEPLOYMENT_TARGET = 9.0;
				MTL_ENABLE_DEBUG_INFO = NO;
				SDKROOT = iphoneos;
				VALIDATE_PRODUCT = YES;
			};
			name = Release;
		};
		CF9173D21BDD79C000B32EB3 /* Debug */ = {
			isa = XCBuildConfiguration;
			buildSettings = {
				ASSETCATALOG_COMPILER_APPICON_NAME = AppIcon;
				INFOPLIST_FILE = Mailbox/Info.plist;
				LD_RUNPATH_SEARCH_PATHS = "$(inherited) @executable_path/Frameworks";
				PRODUCT_BUNDLE_IDENTIFIER = com.walmart.Mailbox;
				PRODUCT_NAME = "$(TARGET_NAME)";
			};
			name = Debug;
		};
		CF9173D31BDD79C000B32EB3 /* Release */ = {
			isa = XCBuildConfiguration;
			buildSettings = {
				ASSETCATALOG_COMPILER_APPICON_NAME = AppIcon;
				INFOPLIST_FILE = Mailbox/Info.plist;
				LD_RUNPATH_SEARCH_PATHS = "$(inherited) @executable_path/Frameworks";
				PRODUCT_BUNDLE_IDENTIFIER = com.walmart.Mailbox;
				PRODUCT_NAME = "$(TARGET_NAME)";
			};
			name = Release;
		};
		CF9173D51BDD79C000B32EB3 /* Debug */ = {
			isa = XCBuildConfiguration;
			buildSettings = {
				BUNDLE_LOADER = "$(TEST_HOST)";
				INFOPLIST_FILE = MailboxTests/Info.plist;
				LD_RUNPATH_SEARCH_PATHS = "$(inherited) @executable_path/Frameworks @loader_path/Frameworks";
				PRODUCT_BUNDLE_IDENTIFIER = com.walmart.MailboxTests;
				PRODUCT_NAME = "$(TARGET_NAME)";
				TEST_HOST = "$(BUILT_PRODUCTS_DIR)/Mailbox.app/Mailbox";
			};
			name = Debug;
		};
		CF9173D61BDD79C000B32EB3 /* Release */ = {
			isa = XCBuildConfiguration;
			buildSettings = {
				BUNDLE_LOADER = "$(TEST_HOST)";
				INFOPLIST_FILE = MailboxTests/Info.plist;
				LD_RUNPATH_SEARCH_PATHS = "$(inherited) @executable_path/Frameworks @loader_path/Frameworks";
				PRODUCT_BUNDLE_IDENTIFIER = com.walmart.MailboxTests;
				PRODUCT_NAME = "$(TARGET_NAME)";
				TEST_HOST = "$(BUILT_PRODUCTS_DIR)/Mailbox.app/Mailbox";
			};
			name = Release;
		};
		CF9173D81BDD79C000B32EB3 /* Debug */ = {
			isa = XCBuildConfiguration;
			buildSettings = {
				INFOPLIST_FILE = MailboxUITests/Info.plist;
				LD_RUNPATH_SEARCH_PATHS = "$(inherited) @executable_path/Frameworks @loader_path/Frameworks";
				PRODUCT_BUNDLE_IDENTIFIER = com.walmart.MailboxUITests;
				PRODUCT_NAME = "$(TARGET_NAME)";
				TEST_TARGET_NAME = Mailbox;
				USES_XCTRUNNER = YES;
			};
			name = Debug;
		};
		CF9173D91BDD79C000B32EB3 /* Release */ = {
			isa = XCBuildConfiguration;
			buildSettings = {
				INFOPLIST_FILE = MailboxUITests/Info.plist;
				LD_RUNPATH_SEARCH_PATHS = "$(inherited) @executable_path/Frameworks @loader_path/Frameworks";
				PRODUCT_BUNDLE_IDENTIFIER = com.walmart.MailboxUITests;
				PRODUCT_NAME = "$(TARGET_NAME)";
				TEST_TARGET_NAME = Mailbox;
				USES_XCTRUNNER = YES;
			};
			name = Release;
		};
/* End XCBuildConfiguration section */

/* Begin XCConfigurationList section */
		CF9173A41BDD79C000B32EB3 /* Build configuration list for PBXProject "Mailbox" */ = {
			isa = XCConfigurationList;
			buildConfigurations = (
				CF9173CF1BDD79C000B32EB3 /* Debug */,
				CF9173D01BDD79C000B32EB3 /* Release */,
			);
			defaultConfigurationIsVisible = 0;
			defaultConfigurationName = Release;
		};
		CF9173D11BDD79C000B32EB3 /* Build configuration list for PBXNativeTarget "Mailbox" */ = {
			isa = XCConfigurationList;
			buildConfigurations = (
				CF9173D21BDD79C000B32EB3 /* Debug */,
				CF9173D31BDD79C000B32EB3 /* Release */,
			);
			defaultConfigurationIsVisible = 0;
		};
		CF9173D41BDD79C000B32EB3 /* Build configuration list for PBXNativeTarget "MailboxTests" */ = {
			isa = XCConfigurationList;
			buildConfigurations = (
				CF9173D51BDD79C000B32EB3 /* Debug */,
				CF9173D61BDD79C000B32EB3 /* Release */,
			);
			defaultConfigurationIsVisible = 0;
		};
		CF9173D71BDD79C000B32EB3 /* Build configuration list for PBXNativeTarget "MailboxUITests" */ = {
			isa = XCConfigurationList;
			buildConfigurations = (
				CF9173D81BDD79C000B32EB3 /* Debug */,
				CF9173D91BDD79C000B32EB3 /* Release */,
			);
			defaultConfigurationIsVisible = 0;
		};
/* End XCConfigurationList section */
	};
	rootObject = CF9173A11BDD79C000B32EB3 /* Project object */;
}
